// !$*UTF8*$!
{
	archiveVersion = 1;
	classes = {
	};
	objectVersion = 48;
	objects = {

/* Begin PBXBuildFile section */
		DC217DC7224FB99700DB26BB /* AppDelegate.swift in Sources */ = {isa = PBXBuildFile; fileRef = DC217DC6224FB99700DB26BB /* AppDelegate.swift */; };
		DC217DC9224FB99700DB26BB /* ViewController.swift in Sources */ = {isa = PBXBuildFile; fileRef = DC217DC8224FB99700DB26BB /* ViewController.swift */; };
		DC217DCC224FB99700DB26BB /* Main.storyboard in Resources */ = {isa = PBXBuildFile; fileRef = DC217DCA224FB99700DB26BB /* Main.storyboard */; };
		DC217DCF224FB99700DB26BB /* Movies.xcdatamodeld in Sources */ = {isa = PBXBuildFile; fileRef = DC217DCD224FB99700DB26BB /* Movies.xcdatamodeld */; };
		DC217DD1224FB99700DB26BB /* Assets.xcassets in Resources */ = {isa = PBXBuildFile; fileRef = DC217DD0224FB99700DB26BB /* Assets.xcassets */; };
		DC217DD4224FB99700DB26BB /* LaunchScreen.storyboard in Resources */ = {isa = PBXBuildFile; fileRef = DC217DD2224FB99700DB26BB /* LaunchScreen.storyboard */; };
		DC217DDF224FB99800DB26BB /* MoviesTests.swift in Sources */ = {isa = PBXBuildFile; fileRef = DC217DDE224FB99800DB26BB /* MoviesTests.swift */; };
		DC217DEA224FB99800DB26BB /* MoviesUITests.swift in Sources */ = {isa = PBXBuildFile; fileRef = DC217DE9224FB99800DB26BB /* MoviesUITests.swift */; };
/* End PBXBuildFile section */

/* Begin PBXContainerItemProxy section */
		DC217DDB224FB99800DB26BB /* PBXContainerItemProxy */ = {
			isa = PBXContainerItemProxy;
			containerPortal = DC217DBB224FB99700DB26BB /* Project object */;
			proxyType = 1;
			remoteGlobalIDString = DC217DC2224FB99700DB26BB;
			remoteInfo = Movies;
		};
		DC217DE6224FB99800DB26BB /* PBXContainerItemProxy */ = {
			isa = PBXContainerItemProxy;
			containerPortal = DC217DBB224FB99700DB26BB /* Project object */;
			proxyType = 1;
			remoteGlobalIDString = DC217DC2224FB99700DB26BB;
			remoteInfo = Movies;
		};
/* End PBXContainerItemProxy section */

/* Begin PBXFileReference section */
		DC217DC3224FB99700DB26BB /* Movies.app */ = {isa = PBXFileReference; explicitFileType = wrapper.application; includeInIndex = 0; path = Movies.app; sourceTree = BUILT_PRODUCTS_DIR; };
		DC217DC6224FB99700DB26BB /* AppDelegate.swift */ = {isa = PBXFileReference; lastKnownFileType = sourcecode.swift; path = AppDelegate.swift; sourceTree = "<group>"; };
		DC217DC8224FB99700DB26BB /* ViewController.swift */ = {isa = PBXFileReference; lastKnownFileType = sourcecode.swift; path = ViewController.swift; sourceTree = "<group>"; };
		DC217DCB224FB99700DB26BB /* Base */ = {isa = PBXFileReference; lastKnownFileType = file.storyboard; name = Base; path = Base.lproj/Main.storyboard; sourceTree = "<group>"; };
		DC217DCE224FB99700DB26BB /* Movies.xcdatamodel */ = {isa = PBXFileReference; lastKnownFileType = wrapper.xcdatamodel; path = Movies.xcdatamodel; sourceTree = "<group>"; };
		DC217DD0224FB99700DB26BB /* Assets.xcassets */ = {isa = PBXFileReference; lastKnownFileType = folder.assetcatalog; path = Assets.xcassets; sourceTree = "<group>"; };
		DC217DD3224FB99700DB26BB /* Base */ = {isa = PBXFileReference; lastKnownFileType = file.storyboard; name = Base; path = Base.lproj/LaunchScreen.storyboard; sourceTree = "<group>"; };
		DC217DD5224FB99700DB26BB /* Info.plist */ = {isa = PBXFileReference; lastKnownFileType = text.plist.xml; path = Info.plist; sourceTree = "<group>"; };
		DC217DDA224FB99800DB26BB /* MoviesTests.xctest */ = {isa = PBXFileReference; explicitFileType = wrapper.cfbundle; includeInIndex = 0; path = MoviesTests.xctest; sourceTree = BUILT_PRODUCTS_DIR; };
		DC217DDE224FB99800DB26BB /* MoviesTests.swift */ = {isa = PBXFileReference; lastKnownFileType = sourcecode.swift; path = MoviesTests.swift; sourceTree = "<group>"; };
		DC217DE0224FB99800DB26BB /* Info.plist */ = {isa = PBXFileReference; lastKnownFileType = text.plist.xml; path = Info.plist; sourceTree = "<group>"; };
		DC217DE5224FB99800DB26BB /* MoviesUITests.xctest */ = {isa = PBXFileReference; explicitFileType = wrapper.cfbundle; includeInIndex = 0; path = MoviesUITests.xctest; sourceTree = BUILT_PRODUCTS_DIR; };
		DC217DE9224FB99800DB26BB /* MoviesUITests.swift */ = {isa = PBXFileReference; lastKnownFileType = sourcecode.swift; path = MoviesUITests.swift; sourceTree = "<group>"; };
		DC217DEB224FB99800DB26BB /* Info.plist */ = {isa = PBXFileReference; lastKnownFileType = text.plist.xml; path = Info.plist; sourceTree = "<group>"; };
/* End PBXFileReference section */

/* Begin PBXFrameworksBuildPhase section */
		DC217DC0224FB99700DB26BB /* Frameworks */ = {
			isa = PBXFrameworksBuildPhase;
			buildActionMask = 2147483647;
			files = (
			);
			runOnlyForDeploymentPostprocessing = 0;
		};
		DC217DD7224FB99800DB26BB /* Frameworks */ = {
			isa = PBXFrameworksBuildPhase;
			buildActionMask = 2147483647;
			files = (
			);
			runOnlyForDeploymentPostprocessing = 0;
		};
		DC217DE2224FB99800DB26BB /* Frameworks */ = {
			isa = PBXFrameworksBuildPhase;
			buildActionMask = 2147483647;
			files = (
			);
			runOnlyForDeploymentPostprocessing = 0;
		};
/* End PBXFrameworksBuildPhase section */

/* Begin PBXGroup section */
		DC217DBA224FB99700DB26BB = {
			isa = PBXGroup;
			children = (
				DC217DC5224FB99700DB26BB /* Movies */,
				DC217DDD224FB99800DB26BB /* MoviesTests */,
				DC217DE8224FB99800DB26BB /* MoviesUITests */,
				DC217DC4224FB99700DB26BB /* Products */,
			);
			sourceTree = "<group>";
		};
		DC217DC4224FB99700DB26BB /* Products */ = {
			isa = PBXGroup;
			children = (
				DC217DC3224FB99700DB26BB /* Movies.app */,
				DC217DDA224FB99800DB26BB /* MoviesTests.xctest */,
				DC217DE5224FB99800DB26BB /* MoviesUITests.xctest */,
			);
			name = Products;
			sourceTree = "<group>";
		};
		DC217DC5224FB99700DB26BB /* Movies */ = {
			isa = PBXGroup;
			children = (
				DC217DC6224FB99700DB26BB /* AppDelegate.swift */,
				DC217DC8224FB99700DB26BB /* ViewController.swift */,
				DC217DCA224FB99700DB26BB /* Main.storyboard */,
				DC217DD0224FB99700DB26BB /* Assets.xcassets */,
				DC217DD2224FB99700DB26BB /* LaunchScreen.storyboard */,
				DC217DD5224FB99700DB26BB /* Info.plist */,
				DC217DCD224FB99700DB26BB /* Movies.xcdatamodeld */,
			);
			path = Movies;
			sourceTree = "<group>";
		};
		DC217DDD224FB99800DB26BB /* MoviesTests */ = {
			isa = PBXGroup;
			children = (
				DC217DDE224FB99800DB26BB /* MoviesTests.swift */,
				DC217DE0224FB99800DB26BB /* Info.plist */,
			);
			path = MoviesTests;
			sourceTree = "<group>";
		};
		DC217DE8224FB99800DB26BB /* MoviesUITests */ = {
			isa = PBXGroup;
			children = (
				DC217DE9224FB99800DB26BB /* MoviesUITests.swift */,
				DC217DEB224FB99800DB26BB /* Info.plist */,
			);
			path = MoviesUITests;
			sourceTree = "<group>";
		};
/* End PBXGroup section */

/* Begin PBXNativeTarget section */
		DC217DC2224FB99700DB26BB /* Movies */ = {
			isa = PBXNativeTarget;
			buildConfigurationList = DC217DEE224FB99800DB26BB /* Build configuration list for PBXNativeTarget "Movies" */;
			buildPhases = (
				DC217DBF224FB99700DB26BB /* Sources */,
				DC217DC0224FB99700DB26BB /* Frameworks */,
				DC217DC1224FB99700DB26BB /* Resources */,
			);
			buildRules = (
			);
			dependencies = (
			);
			name = Movies;
			productName = Movies;
			productReference = DC217DC3224FB99700DB26BB /* Movies.app */;
			productType = "com.apple.product-type.application";
		};
		DC217DD9224FB99800DB26BB /* MoviesTests */ = {
			isa = PBXNativeTarget;
			buildConfigurationList = DC217DF1224FB99800DB26BB /* Build configuration list for PBXNativeTarget "MoviesTests" */;
			buildPhases = (
				DC217DD6224FB99800DB26BB /* Sources */,
				DC217DD7224FB99800DB26BB /* Frameworks */,
				DC217DD8224FB99800DB26BB /* Resources */,
			);
			buildRules = (
			);
			dependencies = (
				DC217DDC224FB99800DB26BB /* PBXTargetDependency */,
			);
			name = MoviesTests;
			productName = MoviesTests;
			productReference = DC217DDA224FB99800DB26BB /* MoviesTests.xctest */;
			productType = "com.apple.product-type.bundle.unit-test";
		};
		DC217DE4224FB99800DB26BB /* MoviesUITests */ = {
			isa = PBXNativeTarget;
			buildConfigurationList = DC217DF4224FB99800DB26BB /* Build configuration list for PBXNativeTarget "MoviesUITests" */;
			buildPhases = (
				DC217DE1224FB99800DB26BB /* Sources */,
				DC217DE2224FB99800DB26BB /* Frameworks */,
				DC217DE3224FB99800DB26BB /* Resources */,
			);
			buildRules = (
			);
			dependencies = (
				DC217DE7224FB99800DB26BB /* PBXTargetDependency */,
			);
			name = MoviesUITests;
			productName = MoviesUITests;
			productReference = DC217DE5224FB99800DB26BB /* MoviesUITests.xctest */;
			productType = "com.apple.product-type.bundle.ui-testing";
		};
/* End PBXNativeTarget section */

/* Begin PBXProject section */
		DC217DBB224FB99700DB26BB /* Project object */ = {
			isa = PBXProject;
			attributes = {
				LastSwiftUpdateCheck = 0920;
				LastUpgradeCheck = 0920;
				ORGANIZATIONNAME = ashraf;
				TargetAttributes = {
					DC217DC2224FB99700DB26BB = {
						CreatedOnToolsVersion = 9.2;
						ProvisioningStyle = Automatic;
					};
					DC217DD9224FB99800DB26BB = {
						CreatedOnToolsVersion = 9.2;
						ProvisioningStyle = Automatic;
						TestTargetID = DC217DC2224FB99700DB26BB;
					};
					DC217DE4224FB99800DB26BB = {
						CreatedOnToolsVersion = 9.2;
						ProvisioningStyle = Automatic;
						TestTargetID = DC217DC2224FB99700DB26BB;
					};
				};
			};
			buildConfigurationList = DC217DBE224FB99700DB26BB /* Build configuration list for PBXProject "Movies" */;
			compatibilityVersion = "Xcode 8.0";
			developmentRegion = en;
			hasScannedForEncodings = 0;
			knownRegions = (
				en,
				Base,
			);
			mainGroup = DC217DBA224FB99700DB26BB;
			productRefGroup = DC217DC4224FB99700DB26BB /* Products */;
			projectDirPath = "";
			projectRoot = "";
			targets = (
				DC217DC2224FB99700DB26BB /* Movies */,
				DC217DD9224FB99800DB26BB /* MoviesTests */,
				DC217DE4224FB99800DB26BB /* MoviesUITests */,
			);
		};
/* End PBXProject section */

/* Begin PBXResourcesBuildPhase section */
		DC217DC1224FB99700DB26BB /* Resources */ = {
			isa = PBXResourcesBuildPhase;
			buildActionMask = 2147483647;
			files = (
				DC217DD4224FB99700DB26BB /* LaunchScreen.storyboard in Resources */,
				DC217DD1224FB99700DB26BB /* Assets.xcassets in Resources */,
				DC217DCC224FB99700DB26BB /* Main.storyboard in Resources */,
			);
			runOnlyForDeploymentPostprocessing = 0;
		};
		DC217DD8224FB99800DB26BB /* Resources */ = {
			isa = PBXResourcesBuildPhase;
			buildActionMask = 2147483647;
			files = (
			);
			runOnlyForDeploymentPostprocessing = 0;
		};
		DC217DE3224FB99800DB26BB /* Resources */ = {
			isa = PBXResourcesBuildPhase;
			buildActionMask = 2147483647;
			files = (
			);
			runOnlyForDeploymentPostprocessing = 0;
		};
/* End PBXResourcesBuildPhase section */

/* Begin PBXSourcesBuildPhase section */
		DC217DBF224FB99700DB26BB /* Sources */ = {
			isa = PBXSourcesBuildPhase;
			buildActionMask = 2147483647;
			files = (
				DC217DC9224FB99700DB26BB /* ViewController.swift in Sources */,
				DC217DCF224FB99700DB26BB /* Movies.xcdatamodeld in Sources */,
				DC217DC7224FB99700DB26BB /* AppDelegate.swift in Sources */,
			);
			runOnlyForDeploymentPostprocessing = 0;
		};
		DC217DD6224FB99800DB26BB /* Sources */ = {
			isa = PBXSourcesBuildPhase;
			buildActionMask = 2147483647;
			files = (
				DC217DDF224FB99800DB26BB /* MoviesTests.swift in Sources */,
			);
			runOnlyForDeploymentPostprocessing = 0;
		};
		DC217DE1224FB99800DB26BB /* Sources */ = {
			isa = PBXSourcesBuildPhase;
			buildActionMask = 2147483647;
			files = (
				DC217DEA224FB99800DB26BB /* MoviesUITests.swift in Sources */,
			);
			runOnlyForDeploymentPostprocessing = 0;
		};
/* End PBXSourcesBuildPhase section */

/* Begin PBXTargetDependency section */
		DC217DDC224FB99800DB26BB /* PBXTargetDependency */ = {
			isa = PBXTargetDependency;
			target = DC217DC2224FB99700DB26BB /* Movies */;
			targetProxy = DC217DDB224FB99800DB26BB /* PBXContainerItemProxy */;
		};
		DC217DE7224FB99800DB26BB /* PBXTargetDependency */ = {
			isa = PBXTargetDependency;
			target = DC217DC2224FB99700DB26BB /* Movies */;
			targetProxy = DC217DE6224FB99800DB26BB /* PBXContainerItemProxy */;
		};
/* End PBXTargetDependency section */

/* Begin PBXVariantGroup section */
		DC217DCA224FB99700DB26BB /* Main.storyboard */ = {
			isa = PBXVariantGroup;
			children = (
				DC217DCB224FB99700DB26BB /* Base */,
			);
			name = Main.storyboard;
			sourceTree = "<group>";
		};
		DC217DD2224FB99700DB26BB /* LaunchScreen.storyboard */ = {
			isa = PBXVariantGroup;
			children = (
				DC217DD3224FB99700DB26BB /* Base */,
			);
			name = LaunchScreen.storyboard;
			sourceTree = "<group>";
		};
/* End PBXVariantGroup section */

/* Begin XCBuildConfiguration section */
		DC217DEC224FB99800DB26BB /* Debug */ = {
			isa = XCBuildConfiguration;
			buildSettings = {
				ALWAYS_SEARCH_USER_PATHS = NO;
				CLANG_ANALYZER_NONNULL = YES;
				CLANG_ANALYZER_NUMBER_OBJECT_CONVERSION = YES_AGGRESSIVE;
				CLANG_CXX_LANGUAGE_STANDARD = "gnu++14";
				CLANG_CXX_LIBRARY = "libc++";
				CLANG_ENABLE_MODULES = YES;
				CLANG_ENABLE_OBJC_ARC = YES;
				CLANG_WARN_BLOCK_CAPTURE_AUTORELEASING = YES;
				CLANG_WARN_BOOL_CONVERSION = YES;
				CLANG_WARN_COMMA = YES;
				CLANG_WARN_CONSTANT_CONVERSION = YES;
				CLANG_WARN_DIRECT_OBJC_ISA_USAGE = YES_ERROR;
				CLANG_WARN_DOCUMENTATION_COMMENTS = YES;
				CLANG_WARN_EMPTY_BODY = YES;
				CLANG_WARN_ENUM_CONVERSION = YES;
				CLANG_WARN_INFINITE_RECURSION = YES;
				CLANG_WARN_INT_CONVERSION = YES;
				CLANG_WARN_NON_LITERAL_NULL_CONVERSION = YES;
				CLANG_WARN_OBJC_LITERAL_CONVERSION = YES;
				CLANG_WARN_OBJC_ROOT_CLASS = YES_ERROR;
				CLANG_WARN_RANGE_LOOP_ANALYSIS = YES;
				CLANG_WARN_STRICT_PROTOTYPES = YES;
				CLANG_WARN_SUSPICIOUS_MOVE = YES;
				CLANG_WARN_UNGUARDED_AVAILABILITY = YES_AGGRESSIVE;
				CLANG_WARN_UNREACHABLE_CODE = YES;
				CLANG_WARN__DUPLICATE_METHOD_MATCH = YES;
				CODE_SIGN_IDENTITY = "iPhone Developer";
				COPY_PHASE_STRIP = NO;
				DEBUG_INFORMATION_FORMAT = dwarf;
				ENABLE_STRICT_OBJC_MSGSEND = YES;
				ENABLE_TESTABILITY = YES;
				GCC_C_LANGUAGE_STANDARD = gnu11;
				GCC_DYNAMIC_NO_PIC = NO;
				GCC_NO_COMMON_BLOCKS = YES;
				GCC_OPTIMIZATION_LEVEL = 0;
				GCC_PREPROCESSOR_DEFINITIONS = (
					"DEBUG=1",
					"$(inherited)",
				);
				GCC_WARN_64_TO_32_BIT_CONVERSION = YES;
				GCC_WARN_ABOUT_RETURN_TYPE = YES_ERROR;
				GCC_WARN_UNDECLARED_SELECTOR = YES;
				GCC_WARN_UNINITIALIZED_AUTOS = YES_AGGRESSIVE;
				GCC_WARN_UNUSED_FUNCTION = YES;
				GCC_WARN_UNUSED_VARIABLE = YES;
				IPHONEOS_DEPLOYMENT_TARGET = 11.2;
				MTL_ENABLE_DEBUG_INFO = YES;
				ONLY_ACTIVE_ARCH = YES;
				SDKROOT = iphoneos;
				SWIFT_ACTIVE_COMPILATION_CONDITIONS = DEBUG;
				SWIFT_OPTIMIZATION_LEVEL = "-Onone";
			};
			name = Debug;
		};
		DC217DED224FB99800DB26BB /* Release */ = {
			isa = XCBuildConfiguration;
			buildSettings = {
				ALWAYS_SEARCH_USER_PATHS = NO;
				CLANG_ANALYZER_NONNULL = YES;
				CLANG_ANALYZER_NUMBER_OBJECT_CONVERSION = YES_AGGRESSIVE;
				CLANG_CXX_LANGUAGE_STANDARD = "gnu++14";
				CLANG_CXX_LIBRARY = "libc++";
				CLANG_ENABLE_MODULES = YES;
				CLANG_ENABLE_OBJC_ARC = YES;
				CLANG_WARN_BLOCK_CAPTURE_AUTORELEASING = YES;
				CLANG_WARN_BOOL_CONVERSION = YES;
				CLANG_WARN_COMMA = YES;
				CLANG_WARN_CONSTANT_CONVERSION = YES;
				CLANG_WARN_DIRECT_OBJC_ISA_USAGE = YES_ERROR;
				CLANG_WARN_DOCUMENTATION_COMMENTS = YES;
				CLANG_WARN_EMPTY_BODY = YES;
				CLANG_WARN_ENUM_CONVERSION = YES;
				CLANG_WARN_INFINITE_RECURSION = YES;
				CLANG_WARN_INT_CONVERSION = YES;
				CLANG_WARN_NON_LITERAL_NULL_CONVERSION = YES;
				CLANG_WARN_OBJC_LITERAL_CONVERSION = YES;
				CLANG_WARN_OBJC_ROOT_CLASS = YES_ERROR;
				CLANG_WARN_RANGE_LOOP_ANALYSIS = YES;
				CLANG_WARN_STRICT_PROTOTYPES = YES;
				CLANG_WARN_SUSPICIOUS_MOVE = YES;
				CLANG_WARN_UNGUARDED_AVAILABILITY = YES_AGGRESSIVE;
				CLANG_WARN_UNREACHABLE_CODE = YES;
				CLANG_WARN__DUPLICATE_METHOD_MATCH = YES;
				CODE_SIGN_IDENTITY = "iPhone Developer";
				COPY_PHASE_STRIP = NO;
				DEBUG_INFORMATION_FORMAT = "dwarf-with-dsym";
				ENABLE_NS_ASSERTIONS = NO;
				ENABLE_STRICT_OBJC_MSGSEND = YES;
				GCC_C_LANGUAGE_STANDARD = gnu11;
				GCC_NO_COMMON_BLOCKS = YES;
				GCC_WARN_64_TO_32_BIT_CONVERSION = YES;
				GCC_WARN_ABOUT_RETURN_TYPE = YES_ERROR;
				GCC_WARN_UNDECLARED_SELECTOR = YES;
				GCC_WARN_UNINITIALIZED_AUTOS = YES_AGGRESSIVE;
				GCC_WARN_UNUSED_FUNCTION = YES;
				GCC_WARN_UNUSED_VARIABLE = YES;
				IPHONEOS_DEPLOYMENT_TARGET = 11.2;
				MTL_ENABLE_DEBUG_INFO = NO;
				SDKROOT = iphoneos;
				SWIFT_OPTIMIZATION_LEVEL = "-Owholemodule";
				VALIDATE_PRODUCT = YES;
			};
			name = Release;
		};
		DC217DEF224FB99800DB26BB /* Debug */ = {
			isa = XCBuildConfiguration;
			buildSettings = {
				ASSETCATALOG_COMPILER_APPICON_NAME = AppIcon;
				CODE_SIGN_STYLE = Automatic;
				INFOPLIST_FILE = Movies/Info.plist;
				LD_RUNPATH_SEARCH_PATHS = "$(inherited) @executable_path/Frameworks";
				PRODUCT_BUNDLE_IDENTIFIER = iti.Movies;
				PRODUCT_NAME = "$(TARGET_NAME)";
				SWIFT_VERSION = 4.0;
				TARGETED_DEVICE_FAMILY = "1,2";
			};
			name = Debug;
		};
		DC217DF0224FB99800DB26BB /* Release */ = {
			isa = XCBuildConfiguration;
			buildSettings = {
				ASSETCATALOG_COMPILER_APPICON_NAME = AppIcon;
				CODE_SIGN_STYLE = Automatic;
				INFOPLIST_FILE = Movies/Info.plist;
				LD_RUNPATH_SEARCH_PATHS = "$(inherited) @executable_path/Frameworks";
				PRODUCT_BUNDLE_IDENTIFIER = iti.Movies;
				PRODUCT_NAME = "$(TARGET_NAME)";
				SWIFT_VERSION = 4.0;
				TARGETED_DEVICE_FAMILY = "1,2";
			};
			name = Release;
		};
		DC217DF2224FB99800DB26BB /* Debug */ = {
			isa = XCBuildConfiguration;
			buildSettings = {
				ALWAYS_EMBED_SWIFT_STANDARD_LIBRARIES = YES;
				BUNDLE_LOADER = "$(TEST_HOST)";
				CODE_SIGN_STYLE = Automatic;
				INFOPLIST_FILE = MoviesTests/Info.plist;
				LD_RUNPATH_SEARCH_PATHS = "$(inherited) @executable_path/Frameworks @loader_path/Frameworks";
				PRODUCT_BUNDLE_IDENTIFIER = iti.MoviesTests;
				PRODUCT_NAME = "$(TARGET_NAME)";
				SWIFT_VERSION = 4.0;
				TARGETED_DEVICE_FAMILY = "1,2";
				TEST_HOST = "$(BUILT_PRODUCTS_DIR)/Movies.app/Movies";
			};
			name = Debug;
		};
		DC217DF3224FB99800DB26BB /* Release */ = {
			isa = XCBuildConfiguration;
			buildSettings = {
				ALWAYS_EMBED_SWIFT_STANDARD_LIBRARIES = YES;
				BUNDLE_LOADER = "$(TEST_HOST)";
				CODE_SIGN_STYLE = Automatic;
				INFOPLIST_FILE = MoviesTests/Info.plist;
				LD_RUNPATH_SEARCH_PATHS = "$(inherited) @executable_path/Frameworks @loader_path/Frameworks";
				PRODUCT_BUNDLE_IDENTIFIER = iti.MoviesTests;
				PRODUCT_NAME = "$(TARGET_NAME)";
				SWIFT_VERSION = 4.0;
				TARGETED_DEVICE_FAMILY = "1,2";
				TEST_HOST = "$(BUILT_PRODUCTS_DIR)/Movies.app/Movies";
			};
			name = Release;
		};
		DC217DF5224FB99800DB26BB /* Debug */ = {
			isa = XCBuildConfiguration;
			buildSettings = {
				ALWAYS_EMBED_SWIFT_STANDARD_LIBRARIES = YES;
				CODE_SIGN_STYLE = Automatic;
				INFOPLIST_FILE = MoviesUITests/Info.plist;
				LD_RUNPATH_SEARCH_PATHS = "$(inherited) @executable_path/Frameworks @loader_path/Frameworks";
				PRODUCT_BUNDLE_IDENTIFIER = iti.MoviesUITests;
				PRODUCT_NAME = "$(TARGET_NAME)";
				SWIFT_VERSION = 4.0;
				TARGETED_DEVICE_FAMILY = "1,2";
				TEST_TARGET_NAME = Movies;
			};
			name = Debug;
		};
		DC217DF6224FB99800DB26BB /* Release */ = {
			isa = XCBuildConfiguration;
			buildSettings = {
				ALWAYS_EMBED_SWIFT_STANDARD_LIBRARIES = YES;
				CODE_SIGN_STYLE = Automatic;
				INFOPLIST_FILE = MoviesUITests/Info.plist;
				LD_RUNPATH_SEARCH_PATHS = "$(inherited) @executable_path/Frameworks @loader_path/Frameworks";
				PRODUCT_BUNDLE_IDENTIFIER = iti.MoviesUITests;
				PRODUCT_NAME = "$(TARGET_NAME)";
				SWIFT_VERSION = 4.0;
				TARGETED_DEVICE_FAMILY = "1,2";
				TEST_TARGET_NAME = Movies;
			};
			name = Release;
		};
/* End XCBuildConfiguration section */

/* Begin XCConfigurationList section */
		DC217DBE224FB99700DB26BB /* Build configuration list for PBXProject "Movies" */ = {
			isa = XCConfigurationList;
			buildConfigurations = (
				DC217DEC224FB99800DB26BB /* Debug */,
				DC217DED224FB99800DB26BB /* Release */,
			);
			defaultConfigurationIsVisible = 0;
			defaultConfigurationName = Release;
		};
		DC217DEE224FB99800DB26BB /* Build configuration list for PBXNativeTarget "Movies" */ = {
			isa = XCConfigurationList;
			buildConfigurations = (
				DC217DEF224FB99800DB26BB /* Debug */,
				DC217DF0224FB99800DB26BB /* Release */,
			);
			defaultConfigurationIsVisible = 0;
			defaultConfigurationName = Release;
		};
		DC217DF1224FB99800DB26BB /* Build configuration list for PBXNativeTarget "MoviesTests" */ = {
			isa = XCConfigurationList;
			buildConfigurations = (
				DC217DF2224FB99800DB26BB /* Debug */,
				DC217DF3224FB99800DB26BB /* Release */,
			);
			defaultConfigurationIsVisible = 0;
			defaultConfigurationName = Release;
		};
		DC217DF4224FB99800DB26BB /* Build configuration list for PBXNativeTarget "MoviesUITests" */ = {
			isa = XCConfigurationList;
			buildConfigurations = (
				DC217DF5224FB99800DB26BB /* Debug */,
				DC217DF6224FB99800DB26BB /* Release */,
			);
			defaultConfigurationIsVisible = 0;
			defaultConfigurationName = Release;
		};
/* End XCConfigurationList section */

/* Begin XCVersionGroup section */
		DC217DCD224FB99700DB26BB /* Movies.xcdatamodeld */ = {
			isa = XCVersionGroup;
			children = (
				DC217DCE224FB99700DB26BB /* Movies.xcdatamodel */,
			);
			currentVersion = DC217DCE224FB99700DB26BB /* Movies.xcdatamodel */;
			path = Movies.xcdatamodeld;
			sourceTree = "<group>";
			versionGroupType = wrapper.xcdatamodel;
		};
/* End XCVersionGroup section */
	};
	rootObject = DC217DBB224FB99700DB26BB /* Project object */;
}
