// !$*UTF8*$!
{
	archiveVersion = 1;
	classes = {
	};
	objectVersion = 48;
	objects = {

/* Begin PBXBuildFile section */
		541D180E035F134FFCAE1E3C /* Pods_MoviesUITests.framework in Frameworks */ = {isa = PBXBuildFile; fileRef = CC3ED6B2A7972763F524ADC8 /* Pods_MoviesUITests.framework */; };
		BC7B5A198CE0C3A3FCDF4D5C /* Pods_MoviesTests.framework in Frameworks */ = {isa = PBXBuildFile; fileRef = C58932EFE846078102E351B7 /* Pods_MoviesTests.framework */; };
		CFC9EB13C047CE9816C4434E /* Pods_Movies.framework in Frameworks */ = {isa = PBXBuildFile; fileRef = C9540F0D3B2098744DA9439A /* Pods_Movies.framework */; };
		DC217DC7224FB99700DB26BB /* AppDelegate.swift in Sources */ = {isa = PBXBuildFile; fileRef = DC217DC6224FB99700DB26BB /* AppDelegate.swift */; };
		DC217DC9224FB99700DB26BB /* ViewController.swift in Sources */ = {isa = PBXBuildFile; fileRef = DC217DC8224FB99700DB26BB /* ViewController.swift */; };
		DC217DCC224FB99700DB26BB /* Main.storyboard in Resources */ = {isa = PBXBuildFile; fileRef = DC217DCA224FB99700DB26BB /* Main.storyboard */; };
		DC217DCF224FB99700DB26BB /* Movies.xcdatamodeld in Sources */ = {isa = PBXBuildFile; fileRef = DC217DCD224FB99700DB26BB /* Movies.xcdatamodeld */; };
		DC217DD1224FB99700DB26BB /* Assets.xcassets in Resources */ = {isa = PBXBuildFile; fileRef = DC217DD0224FB99700DB26BB /* Assets.xcassets */; };
		DC217DD4224FB99700DB26BB /* LaunchScreen.storyboard in Resources */ = {isa = PBXBuildFile; fileRef = DC217DD2224FB99700DB26BB /* LaunchScreen.storyboard */; };
		DC217DDF224FB99800DB26BB /* MoviesTests.swift in Sources */ = {isa = PBXBuildFile; fileRef = DC217DDE224FB99800DB26BB /* MoviesTests.swift */; };
		DC217DEA224FB99800DB26BB /* MoviesUITests.swift in Sources */ = {isa = PBXBuildFile; fileRef = DC217DE9224FB99800DB26BB /* MoviesUITests.swift */; };
		DC829AEF22510A0E00E01FA7 /* MoviesData.swift in Sources */ = {isa = PBXBuildFile; fileRef = DC829AEE22510A0E00E01FA7 /* MoviesData.swift */; };
		DC829AF122510A1F00E01FA7 /* Movie.swift in Sources */ = {isa = PBXBuildFile; fileRef = DC829AF022510A1F00E01FA7 /* Movie.swift */; };
		DC829AF622510E9900E01FA7 /* HomeCollectionViewController.swift in Sources */ = {isa = PBXBuildFile; fileRef = DC829AF522510E9900E01FA7 /* HomeCollectionViewController.swift */; };
		DC829AF8225112E900E01FA7 /* MyCollectionViewCell.swift in Sources */ = {isa = PBXBuildFile; fileRef = DC829AF7225112E900E01FA7 /* MyCollectionViewCell.swift */; };
		DCADE2B7225125C300936DF2 /* DetailsViewController.swift in Sources */ = {isa = PBXBuildFile; fileRef = DCADE2B6225125C300936DF2 /* DetailsViewController.swift */; };
		DCADE2BC22514A9000936DF2 /* Trailer.swift in Sources */ = {isa = PBXBuildFile; fileRef = DCADE2BB22514A9000936DF2 /* Trailer.swift */; };
		DCADE2BE22514ABA00936DF2 /* Video.swift in Sources */ = {isa = PBXBuildFile; fileRef = DCADE2BD22514ABA00936DF2 /* Video.swift */; };
/* End PBXBuildFile section */

/* Begin PBXContainerItemProxy section */
		DC217DDB224FB99800DB26BB /* PBXContainerItemProxy */ = {
			isa = PBXContainerItemProxy;
			containerPortal = DC217DBB224FB99700DB26BB /* Project object */;
			proxyType = 1;
			remoteGlobalIDString = DC217DC2224FB99700DB26BB;
			remoteInfo = Movies;
		};
		DC217DE6224FB99800DB26BB /* PBXContainerItemProxy */ = {
			isa = PBXContainerItemProxy;
			containerPortal = DC217DBB224FB99700DB26BB /* Project object */;
			proxyType = 1;
			remoteGlobalIDString = DC217DC2224FB99700DB26BB;
			remoteInfo = Movies;
		};
/* End PBXContainerItemProxy section */

/* Begin PBXFileReference section */
		5DEEC78EB14E1194875F598B /* Pods-MoviesUITests.debug.xcconfig */ = {isa = PBXFileReference; includeInIndex = 1; lastKnownFileType = text.xcconfig; name = "Pods-MoviesUITests.debug.xcconfig"; path = "Target Support Files/Pods-MoviesUITests/Pods-MoviesUITests.debug.xcconfig"; sourceTree = "<group>"; };
		64EF893195F90D3995DC957A /* Pods-MoviesTests.release.xcconfig */ = {isa = PBXFileReference; includeInIndex = 1; lastKnownFileType = text.xcconfig; name = "Pods-MoviesTests.release.xcconfig"; path = "Target Support Files/Pods-MoviesTests/Pods-MoviesTests.release.xcconfig"; sourceTree = "<group>"; };
		66B79C91AB72FFF723371C19 /* Pods-MoviesTests.debug.xcconfig */ = {isa = PBXFileReference; includeInIndex = 1; lastKnownFileType = text.xcconfig; name = "Pods-MoviesTests.debug.xcconfig"; path = "Target Support Files/Pods-MoviesTests/Pods-MoviesTests.debug.xcconfig"; sourceTree = "<group>"; };
		688C7D5481D293EF42CEEACB /* Pods-MoviesUITests.release.xcconfig */ = {isa = PBXFileReference; includeInIndex = 1; lastKnownFileType = text.xcconfig; name = "Pods-MoviesUITests.release.xcconfig"; path = "Target Support Files/Pods-MoviesUITests/Pods-MoviesUITests.release.xcconfig"; sourceTree = "<group>"; };
		78F185F0D41715CF251561DB /* Pods-Movies.release.xcconfig */ = {isa = PBXFileReference; includeInIndex = 1; lastKnownFileType = text.xcconfig; name = "Pods-Movies.release.xcconfig"; path = "Target Support Files/Pods-Movies/Pods-Movies.release.xcconfig"; sourceTree = "<group>"; };
		A0B4641FC77021B6BC5EF555 /* Pods-Movies.debug.xcconfig */ = {isa = PBXFileReference; includeInIndex = 1; lastKnownFileType = text.xcconfig; name = "Pods-Movies.debug.xcconfig"; path = "Target Support Files/Pods-Movies/Pods-Movies.debug.xcconfig"; sourceTree = "<group>"; };
		C58932EFE846078102E351B7 /* Pods_MoviesTests.framework */ = {isa = PBXFileReference; explicitFileType = wrapper.framework; includeInIndex = 0; path = Pods_MoviesTests.framework; sourceTree = BUILT_PRODUCTS_DIR; };
		C9540F0D3B2098744DA9439A /* Pods_Movies.framework */ = {isa = PBXFileReference; explicitFileType = wrapper.framework; includeInIndex = 0; path = Pods_Movies.framework; sourceTree = BUILT_PRODUCTS_DIR; };
		CC3ED6B2A7972763F524ADC8 /* Pods_MoviesUITests.framework */ = {isa = PBXFileReference; explicitFileType = wrapper.framework; includeInIndex = 0; path = Pods_MoviesUITests.framework; sourceTree = BUILT_PRODUCTS_DIR; };
		DC217DC3224FB99700DB26BB /* Movies.app */ = {isa = PBXFileReference; explicitFileType = wrapper.application; includeInIndex = 0; path = Movies.app; sourceTree = BUILT_PRODUCTS_DIR; };
		DC217DC6224FB99700DB26BB /* AppDelegate.swift */ = {isa = PBXFileReference; lastKnownFileType = sourcecode.swift; path = AppDelegate.swift; sourceTree = "<group>"; };
		DC217DC8224FB99700DB26BB /* ViewController.swift */ = {isa = PBXFileReference; lastKnownFileType = sourcecode.swift; path = ViewController.swift; sourceTree = "<group>"; };
		DC217DCB224FB99700DB26BB /* Base */ = {isa = PBXFileReference; lastKnownFileType = file.storyboard; name = Base; path = Base.lproj/Main.storyboard; sourceTree = "<group>"; };
		DC217DCE224FB99700DB26BB /* Movies.xcdatamodel */ = {isa = PBXFileReference; lastKnownFileType = wrapper.xcdatamodel; path = Movies.xcdatamodel; sourceTree = "<group>"; };
		DC217DD0224FB99700DB26BB /* Assets.xcassets */ = {isa = PBXFileReference; lastKnownFileType = folder.assetcatalog; path = Assets.xcassets; sourceTree = "<group>"; };
		DC217DD3224FB99700DB26BB /* Base */ = {isa = PBXFileReference; lastKnownFileType = file.storyboard; name = Base; path = Base.lproj/LaunchScreen.storyboard; sourceTree = "<group>"; };
		DC217DD5224FB99700DB26BB /* Info.plist */ = {isa = PBXFileReference; lastKnownFileType = text.plist.xml; path = Info.plist; sourceTree = "<group>"; };
		DC217DDA224FB99800DB26BB /* MoviesTests.xctest */ = {isa = PBXFileReference; explicitFileType = wrapper.cfbundle; includeInIndex = 0; path = MoviesTests.xctest; sourceTree = BUILT_PRODUCTS_DIR; };
		DC217DDE224FB99800DB26BB /* MoviesTests.swift */ = {isa = PBXFileReference; lastKnownFileType = sourcecode.swift; path = MoviesTests.swift; sourceTree = "<group>"; };
		DC217DE0224FB99800DB26BB /* Info.plist */ = {isa = PBXFileReference; lastKnownFileType = text.plist.xml; path = Info.plist; sourceTree = "<group>"; };
		DC217DE5224FB99800DB26BB /* MoviesUITests.xctest */ = {isa = PBXFileReference; explicitFileType = wrapper.cfbundle; includeInIndex = 0; path = MoviesUITests.xctest; sourceTree = BUILT_PRODUCTS_DIR; };
		DC217DE9224FB99800DB26BB /* MoviesUITests.swift */ = {isa = PBXFileReference; lastKnownFileType = sourcecode.swift; path = MoviesUITests.swift; sourceTree = "<group>"; };
		DC217DEB224FB99800DB26BB /* Info.plist */ = {isa = PBXFileReference; lastKnownFileType = text.plist.xml; path = Info.plist; sourceTree = "<group>"; };
		DC829AEE22510A0E00E01FA7 /* MoviesData.swift */ = {isa = PBXFileReference; lastKnownFileType = sourcecode.swift; path = MoviesData.swift; sourceTree = "<group>"; };
		DC829AF022510A1F00E01FA7 /* Movie.swift */ = {isa = PBXFileReference; lastKnownFileType = sourcecode.swift; path = Movie.swift; sourceTree = "<group>"; };
		DC829AF522510E9900E01FA7 /* HomeCollectionViewController.swift */ = {isa = PBXFileReference; lastKnownFileType = sourcecode.swift; path = HomeCollectionViewController.swift; sourceTree = "<group>"; };
		DC829AF7225112E900E01FA7 /* MyCollectionViewCell.swift */ = {isa = PBXFileReference; lastKnownFileType = sourcecode.swift; path = MyCollectionViewCell.swift; sourceTree = "<group>"; };
		DCADE2B6225125C300936DF2 /* DetailsViewController.swift */ = {isa = PBXFileReference; lastKnownFileType = sourcecode.swift; path = DetailsViewController.swift; sourceTree = "<group>"; };
		DCADE2BB22514A9000936DF2 /* Trailer.swift */ = {isa = PBXFileReference; lastKnownFileType = sourcecode.swift; path = Trailer.swift; sourceTree = "<group>"; };
		DCADE2BD22514ABA00936DF2 /* Video.swift */ = {isa = PBXFileReference; lastKnownFileType = sourcecode.swift; path = Video.swift; sourceTree = "<group>"; };
/* End PBXFileReference section */

/* Begin PBXFrameworksBuildPhase section */
		DC217DC0224FB99700DB26BB /* Frameworks */ = {
			isa = PBXFrameworksBuildPhase;
			buildActionMask = 2147483647;
			files = (
				CFC9EB13C047CE9816C4434E /* Pods_Movies.framework in Frameworks */,
			);
			runOnlyForDeploymentPostprocessing = 0;
		};
		DC217DD7224FB99800DB26BB /* Frameworks */ = {
			isa = PBXFrameworksBuildPhase;
			buildActionMask = 2147483647;
			files = (
				BC7B5A198CE0C3A3FCDF4D5C /* Pods_MoviesTests.framework in Frameworks */,
			);
			runOnlyForDeploymentPostprocessing = 0;
		};
		DC217DE2224FB99800DB26BB /* Frameworks */ = {
			isa = PBXFrameworksBuildPhase;
			buildActionMask = 2147483647;
			files = (
				541D180E035F134FFCAE1E3C /* Pods_MoviesUITests.framework in Frameworks */,
			);
			runOnlyForDeploymentPostprocessing = 0;
		};
/* End PBXFrameworksBuildPhase section */

/* Begin PBXGroup section */
		5EBDBA6BE0B5AC6EF414DB3C /* Pods */ = {
			isa = PBXGroup;
			children = (
				A0B4641FC77021B6BC5EF555 /* Pods-Movies.debug.xcconfig */,
				78F185F0D41715CF251561DB /* Pods-Movies.release.xcconfig */,
				66B79C91AB72FFF723371C19 /* Pods-MoviesTests.debug.xcconfig */,
				64EF893195F90D3995DC957A /* Pods-MoviesTests.release.xcconfig */,
				5DEEC78EB14E1194875F598B /* Pods-MoviesUITests.debug.xcconfig */,
				688C7D5481D293EF42CEEACB /* Pods-MoviesUITests.release.xcconfig */,
			);
			path = Pods;
			sourceTree = "<group>";
		};
		D57CFA0074E1D0EC2DE208A9 /* Frameworks */ = {
			isa = PBXGroup;
			children = (
				C9540F0D3B2098744DA9439A /* Pods_Movies.framework */,
				C58932EFE846078102E351B7 /* Pods_MoviesTests.framework */,
				CC3ED6B2A7972763F524ADC8 /* Pods_MoviesUITests.framework */,
			);
			name = Frameworks;
			sourceTree = "<group>";
		};
		DC0E5C322250B66200EF1AFF /* pojos */ = {
			isa = PBXGroup;
			children = (
				DC829AEE22510A0E00E01FA7 /* MoviesData.swift */,
				DC829AF022510A1F00E01FA7 /* Movie.swift */,
				DCADE2BB22514A9000936DF2 /* Trailer.swift */,
				DCADE2BD22514ABA00936DF2 /* Video.swift */,
			);
			path = pojos;
			sourceTree = "<group>";
		};
		DC217DBA224FB99700DB26BB = {
			isa = PBXGroup;
			children = (
				DC217DC5224FB99700DB26BB /* Movies */,
				DC217DDD224FB99800DB26BB /* MoviesTests */,
				DC217DE8224FB99800DB26BB /* MoviesUITests */,
				DC217DC4224FB99700DB26BB /* Products */,
				5EBDBA6BE0B5AC6EF414DB3C /* Pods */,
				D57CFA0074E1D0EC2DE208A9 /* Frameworks */,
			);
			sourceTree = "<group>";
		};
		DC217DC4224FB99700DB26BB /* Products */ = {
			isa = PBXGroup;
			children = (
				DC217DC3224FB99700DB26BB /* Movies.app */,
				DC217DDA224FB99800DB26BB /* MoviesTests.xctest */,
				DC217DE5224FB99800DB26BB /* MoviesUITests.xctest */,
			);
			name = Products;
			sourceTree = "<group>";
		};
		DC217DC5224FB99700DB26BB /* Movies */ = {
			isa = PBXGroup;
			children = (
				DC829AF222510AFE00E01FA7 /* viewController */,
				DC0E5C322250B66200EF1AFF /* pojos */,
				DC217DC6224FB99700DB26BB /* AppDelegate.swift */,
				DC217DCA224FB99700DB26BB /* Main.storyboard */,
				DC217DD0224FB99700DB26BB /* Assets.xcassets */,
				DC217DD2224FB99700DB26BB /* LaunchScreen.storyboard */,
				DC217DD5224FB99700DB26BB /* Info.plist */,
				DC217DCD224FB99700DB26BB /* Movies.xcdatamodeld */,
			);
			path = Movies;
			sourceTree = "<group>";
		};
		DC217DDD224FB99800DB26BB /* MoviesTests */ = {
			isa = PBXGroup;
			children = (
				DC217DDE224FB99800DB26BB /* MoviesTests.swift */,
				DC217DE0224FB99800DB26BB /* Info.plist */,
			);
			path = MoviesTests;
			sourceTree = "<group>";
		};
		DC217DE8224FB99800DB26BB /* MoviesUITests */ = {
			isa = PBXGroup;
			children = (
				DC217DE9224FB99800DB26BB /* MoviesUITests.swift */,
				DC217DEB224FB99800DB26BB /* Info.plist */,
			);
			path = MoviesUITests;
			sourceTree = "<group>";
		};
		DC829AF222510AFE00E01FA7 /* viewController */ = {
			isa = PBXGroup;
			children = (
				DC829AF522510E9900E01FA7 /* HomeCollectionViewController.swift */,
				DC829AF7225112E900E01FA7 /* MyCollectionViewCell.swift */,
				DC217DC8224FB99700DB26BB /* ViewController.swift */,
				DCADE2B6225125C300936DF2 /* DetailsViewController.swift */,
			);
			path = viewController;
			sourceTree = "<group>";
		};
/* End PBXGroup section */

/* Begin PBXNativeTarget section */
		DC217DC2224FB99700DB26BB /* Movies */ = {
			isa = PBXNativeTarget;
			buildConfigurationList = DC217DEE224FB99800DB26BB /* Build configuration list for PBXNativeTarget "Movies" */;
			buildPhases = (
				E5A1E4B4CBFA5847E1546454 /* [CP] Check Pods Manifest.lock */,
				DC217DBF224FB99700DB26BB /* Sources */,
				DC217DC0224FB99700DB26BB /* Frameworks */,
				DC217DC1224FB99700DB26BB /* Resources */,
				49013FC95939DEFFC07028B0 /* [CP] Embed Pods Frameworks */,
			);
			buildRules = (
			);
			dependencies = (
			);
			name = Movies;
			productName = Movies;
			productReference = DC217DC3224FB99700DB26BB /* Movies.app */;
			productType = "com.apple.product-type.application";
		};
		DC217DD9224FB99800DB26BB /* MoviesTests */ = {
			isa = PBXNativeTarget;
			buildConfigurationList = DC217DF1224FB99800DB26BB /* Build configuration list for PBXNativeTarget "MoviesTests" */;
			buildPhases = (
				370F6707373EED883B6C45F7 /* [CP] Check Pods Manifest.lock */,
				DC217DD6224FB99800DB26BB /* Sources */,
				DC217DD7224FB99800DB26BB /* Frameworks */,
				DC217DD8224FB99800DB26BB /* Resources */,
			);
			buildRules = (
			);
			dependencies = (
				DC217DDC224FB99800DB26BB /* PBXTargetDependency */,
			);
			name = MoviesTests;
			productName = MoviesTests;
			productReference = DC217DDA224FB99800DB26BB /* MoviesTests.xctest */;
			productType = "com.apple.product-type.bundle.unit-test";
		};
		DC217DE4224FB99800DB26BB /* MoviesUITests */ = {
			isa = PBXNativeTarget;
			buildConfigurationList = DC217DF4224FB99800DB26BB /* Build configuration list for PBXNativeTarget "MoviesUITests" */;
			buildPhases = (
				7CA235CEE8C014DBF9DB41A0 /* [CP] Check Pods Manifest.lock */,
				DC217DE1224FB99800DB26BB /* Sources */,
				DC217DE2224FB99800DB26BB /* Frameworks */,
				DC217DE3224FB99800DB26BB /* Resources */,
			);
			buildRules = (
			);
			dependencies = (
				DC217DE7224FB99800DB26BB /* PBXTargetDependency */,
			);
			name = MoviesUITests;
			productName = MoviesUITests;
			productReference = DC217DE5224FB99800DB26BB /* MoviesUITests.xctest */;
			productType = "com.apple.product-type.bundle.ui-testing";
		};
/* End PBXNativeTarget section */

/* Begin PBXProject section */
		DC217DBB224FB99700DB26BB /* Project object */ = {
			isa = PBXProject;
			attributes = {
				LastSwiftUpdateCheck = 0920;
				LastUpgradeCheck = 0920;
				ORGANIZATIONNAME = ashraf;
				TargetAttributes = {
					DC217DC2224FB99700DB26BB = {
						CreatedOnToolsVersion = 9.2;
						ProvisioningStyle = Automatic;
					};
					DC217DD9224FB99800DB26BB = {
						CreatedOnToolsVersion = 9.2;
						ProvisioningStyle = Automatic;
						TestTargetID = DC217DC2224FB99700DB26BB;
					};
					DC217DE4224FB99800DB26BB = {
						CreatedOnToolsVersion = 9.2;
						ProvisioningStyle = Automatic;
						TestTargetID = DC217DC2224FB99700DB26BB;
					};
				};
			};
			buildConfigurationList = DC217DBE224FB99700DB26BB /* Build configuration list for PBXProject "Movies" */;
			compatibilityVersion = "Xcode 8.0";
			developmentRegion = en;
			hasScannedForEncodings = 0;
			knownRegions = (
				en,
				Base,
			);
			mainGroup = DC217DBA224FB99700DB26BB;
			productRefGroup = DC217DC4224FB99700DB26BB /* Products */;
			projectDirPath = "";
			projectRoot = "";
			targets = (
				DC217DC2224FB99700DB26BB /* Movies */,
				DC217DD9224FB99800DB26BB /* MoviesTests */,
				DC217DE4224FB99800DB26BB /* MoviesUITests */,
			);
		};
/* End PBXProject section */

/* Begin PBXResourcesBuildPhase section */
		DC217DC1224FB99700DB26BB /* Resources */ = {
			isa = PBXResourcesBuildPhase;
			buildActionMask = 2147483647;
			files = (
				DC217DD4224FB99700DB26BB /* LaunchScreen.storyboard in Resources */,
				DC217DD1224FB99700DB26BB /* Assets.xcassets in Resources */,
				DC217DCC224FB99700DB26BB /* Main.storyboard in Resources */,
			);
			runOnlyForDeploymentPostprocessing = 0;
		};
		DC217DD8224FB99800DB26BB /* Resources */ = {
			isa = PBXResourcesBuildPhase;
			buildActionMask = 2147483647;
			files = (
			);
			runOnlyForDeploymentPostprocessing = 0;
		};
		DC217DE3224FB99800DB26BB /* Resources */ = {
			isa = PBXResourcesBuildPhase;
			buildActionMask = 2147483647;
			files = (
			);
			runOnlyForDeploymentPostprocessing = 0;
		};
/* End PBXResourcesBuildPhase section */

/* Begin PBXShellScriptBuildPhase section */
		370F6707373EED883B6C45F7 /* [CP] Check Pods Manifest.lock */ = {
			isa = PBXShellScriptBuildPhase;
			buildActionMask = 2147483647;
			files = (
			);
			inputPaths = (
				"${PODS_PODFILE_DIR_PATH}/Podfile.lock",
				"${PODS_ROOT}/Manifest.lock",
			);
			name = "[CP] Check Pods Manifest.lock";
			outputPaths = (
				"$(DERIVED_FILE_DIR)/Pods-MoviesTests-checkManifestLockResult.txt",
			);
			runOnlyForDeploymentPostprocessing = 0;
			shellPath = /bin/sh;
			shellScript = "diff \"${PODS_PODFILE_DIR_PATH}/Podfile.lock\" \"${PODS_ROOT}/Manifest.lock\" > /dev/null\nif [ $? != 0 ] ; then\n    # print error to STDERR\n    echo \"error: The sandbox is not in sync with the Podfile.lock. Run 'pod install' or update your CocoaPods installation.\" >&2\n    exit 1\nfi\n# This output is used by Xcode 'outputs' to avoid re-running this script phase.\necho \"SUCCESS\" > \"${SCRIPT_OUTPUT_FILE_0}\"\n";
			showEnvVarsInLog = 0;
		};
		49013FC95939DEFFC07028B0 /* [CP] Embed Pods Frameworks */ = {
			isa = PBXShellScriptBuildPhase;
			buildActionMask = 2147483647;
			files = (
			);
			inputPaths = (
				"${PODS_ROOT}/Target Support Files/Pods-Movies/Pods-Movies-frameworks.sh",
				"${BUILT_PRODUCTS_DIR}/Alamofire/Alamofire.framework",
				"${BUILT_PRODUCTS_DIR}/SDWebImage/SDWebImage.framework",
				"${BUILT_PRODUCTS_DIR}/SwiftyJSON/SwiftyJSON.framework",
			);
			name = "[CP] Embed Pods Frameworks";
			outputPaths = (
				"${TARGET_BUILD_DIR}/${FRAMEWORKS_FOLDER_PATH}/Alamofire.framework",
				"${TARGET_BUILD_DIR}/${FRAMEWORKS_FOLDER_PATH}/SDWebImage.framework",
				"${TARGET_BUILD_DIR}/${FRAMEWORKS_FOLDER_PATH}/SwiftyJSON.framework",
			);
			runOnlyForDeploymentPostprocessing = 0;
			shellPath = /bin/sh;
			shellScript = "\"${PODS_ROOT}/Target Support Files/Pods-Movies/Pods-Movies-frameworks.sh\"\n";
			showEnvVarsInLog = 0;
		};
		7CA235CEE8C014DBF9DB41A0 /* [CP] Check Pods Manifest.lock */ = {
			isa = PBXShellScriptBuildPhase;
			buildActionMask = 2147483647;
			files = (
			);
			inputPaths = (
				"${PODS_PODFILE_DIR_PATH}/Podfile.lock",
				"${PODS_ROOT}/Manifest.lock",
			);
			name = "[CP] Check Pods Manifest.lock";
			outputPaths = (
				"$(DERIVED_FILE_DIR)/Pods-MoviesUITests-checkManifestLockResult.txt",
			);
			runOnlyForDeploymentPostprocessing = 0;
			shellPath = /bin/sh;
			shellScript = "diff \"${PODS_PODFILE_DIR_PATH}/Podfile.lock\" \"${PODS_ROOT}/Manifest.lock\" > /dev/null\nif [ $? != 0 ] ; then\n    # print error to STDERR\n    echo \"error: The sandbox is not in sync with the Podfile.lock. Run 'pod install' or update your CocoaPods installation.\" >&2\n    exit 1\nfi\n# This output is used by Xcode 'outputs' to avoid re-running this script phase.\necho \"SUCCESS\" > \"${SCRIPT_OUTPUT_FILE_0}\"\n";
			showEnvVarsInLog = 0;
		};
		E5A1E4B4CBFA5847E1546454 /* [CP] Check Pods Manifest.lock */ = {
			isa = PBXShellScriptBuildPhase;
			buildActionMask = 2147483647;
			files = (
			);
			inputPaths = (
				"${PODS_PODFILE_DIR_PATH}/Podfile.lock",
				"${PODS_ROOT}/Manifest.lock",
			);
			name = "[CP] Check Pods Manifest.lock";
			outputPaths = (
				"$(DERIVED_FILE_DIR)/Pods-Movies-checkManifestLockResult.txt",
			);
			runOnlyForDeploymentPostprocessing = 0;
			shellPath = /bin/sh;
			shellScript = "diff \"${PODS_PODFILE_DIR_PATH}/Podfile.lock\" \"${PODS_ROOT}/Manifest.lock\" > /dev/null\nif [ $? != 0 ] ; then\n    # print error to STDERR\n    echo \"error: The sandbox is not in sync with the Podfile.lock. Run 'pod install' or update your CocoaPods installation.\" >&2\n    exit 1\nfi\n# This output is used by Xcode 'outputs' to avoid re-running this script phase.\necho \"SUCCESS\" > \"${SCRIPT_OUTPUT_FILE_0}\"\n";
			showEnvVarsInLog = 0;
		};
/* End PBXShellScriptBuildPhase section */

/* Begin PBXSourcesBuildPhase section */
		DC217DBF224FB99700DB26BB /* Sources */ = {
			isa = PBXSourcesBuildPhase;
			buildActionMask = 2147483647;
			files = (
				DC829AF122510A1F00E01FA7 /* Movie.swift in Sources */,
				DC217DC9224FB99700DB26BB /* ViewController.swift in Sources */,
				DC217DCF224FB99700DB26BB /* Movies.xcdatamodeld in Sources */,
				DCADE2B7225125C300936DF2 /* DetailsViewController.swift in Sources */,
				DC829AF8225112E900E01FA7 /* MyCollectionViewCell.swift in Sources */,
				DC829AF622510E9900E01FA7 /* HomeCollectionViewController.swift in Sources */,
				DC829AEF22510A0E00E01FA7 /* MoviesData.swift in Sources */,
				DCADE2BC22514A9000936DF2 /* Trailer.swift in Sources */,
				DC217DC7224FB99700DB26BB /* AppDelegate.swift in Sources */,
				DCADE2BE22514ABA00936DF2 /* Video.swift in Sources */,
			);
			runOnlyForDeploymentPostprocessing = 0;
		};
		DC217DD6224FB99800DB26BB /* Sources */ = {
			isa = PBXSourcesBuildPhase;
			buildActionMask = 2147483647;
			files = (
				DC217DDF224FB99800DB26BB /* MoviesTests.swift in Sources */,
			);
			runOnlyForDeploymentPostprocessing = 0;
		};
		DC217DE1224FB99800DB26BB /* Sources */ = {
			isa = PBXSourcesBuildPhase;
			buildActionMask = 2147483647;
			files = (
				DC217DEA224FB99800DB26BB /* MoviesUITests.swift in Sources */,
			);
			runOnlyForDeploymentPostprocessing = 0;
		};
/* End PBXSourcesBuildPhase section */

/* Begin PBXTargetDependency section */
		DC217DDC224FB99800DB26BB /* PBXTargetDependency */ = {
			isa = PBXTargetDependency;
			target = DC217DC2224FB99700DB26BB /* Movies */;
			targetProxy = DC217DDB224FB99800DB26BB /* PBXContainerItemProxy */;
		};
		DC217DE7224FB99800DB26BB /* PBXTargetDependency */ = {
			isa = PBXTargetDependency;
			target = DC217DC2224FB99700DB26BB /* Movies */;
			targetProxy = DC217DE6224FB99800DB26BB /* PBXContainerItemProxy */;
		};
/* End PBXTargetDependency section */

/* Begin PBXVariantGroup section */
		DC217DCA224FB99700DB26BB /* Main.storyboard */ = {
			isa = PBXVariantGroup;
			children = (
				DC217DCB224FB99700DB26BB /* Base */,
			);
			name = Main.storyboard;
			sourceTree = "<group>";
		};
		DC217DD2224FB99700DB26BB /* LaunchScreen.storyboard */ = {
			isa = PBXVariantGroup;
			children = (
				DC217DD3224FB99700DB26BB /* Base */,
			);
			name = LaunchScreen.storyboard;
			sourceTree = "<group>";
		};
/* End PBXVariantGroup section */

/* Begin XCBuildConfiguration section */
		DC217DEC224FB99800DB26BB /* Debug */ = {
			isa = XCBuildConfiguration;
			buildSettings = {
				ALWAYS_SEARCH_USER_PATHS = NO;
				CLANG_ANALYZER_NONNULL = YES;
				CLANG_ANALYZER_NUMBER_OBJECT_CONVERSION = YES_AGGRESSIVE;
				CLANG_CXX_LANGUAGE_STANDARD = "gnu++14";
				CLANG_CXX_LIBRARY = "libc++";
				CLANG_ENABLE_MODULES = YES;
				CLANG_ENABLE_OBJC_ARC = YES;
				CLANG_WARN_BLOCK_CAPTURE_AUTORELEASING = YES;
				CLANG_WARN_BOOL_CONVERSION = YES;
				CLANG_WARN_COMMA = YES;
				CLANG_WARN_CONSTANT_CONVERSION = YES;
				CLANG_WARN_DIRECT_OBJC_ISA_USAGE = YES_ERROR;
				CLANG_WARN_DOCUMENTATION_COMMENTS = YES;
				CLANG_WARN_EMPTY_BODY = YES;
				CLANG_WARN_ENUM_CONVERSION = YES;
				CLANG_WARN_INFINITE_RECURSION = YES;
				CLANG_WARN_INT_CONVERSION = YES;
				CLANG_WARN_NON_LITERAL_NULL_CONVERSION = YES;
				CLANG_WARN_OBJC_LITERAL_CONVERSION = YES;
				CLANG_WARN_OBJC_ROOT_CLASS = YES_ERROR;
				CLANG_WARN_RANGE_LOOP_ANALYSIS = YES;
				CLANG_WARN_STRICT_PROTOTYPES = YES;
				CLANG_WARN_SUSPICIOUS_MOVE = YES;
				CLANG_WARN_UNGUARDED_AVAILABILITY = YES_AGGRESSIVE;
				CLANG_WARN_UNREACHABLE_CODE = YES;
				CLANG_WARN__DUPLICATE_METHOD_MATCH = YES;
				CODE_SIGN_IDENTITY = "iPhone Developer";
				COPY_PHASE_STRIP = NO;
				DEBUG_INFORMATION_FORMAT = dwarf;
				ENABLE_STRICT_OBJC_MSGSEND = YES;
				ENABLE_TESTABILITY = YES;
				GCC_C_LANGUAGE_STANDARD = gnu11;
				GCC_DYNAMIC_NO_PIC = NO;
				GCC_NO_COMMON_BLOCKS = YES;
				GCC_OPTIMIZATION_LEVEL = 0;
				GCC_PREPROCESSOR_DEFINITIONS = (
					"DEBUG=1",
					"$(inherited)",
				);
				GCC_WARN_64_TO_32_BIT_CONVERSION = YES;
				GCC_WARN_ABOUT_RETURN_TYPE = YES_ERROR;
				GCC_WARN_UNDECLARED_SELECTOR = YES;
				GCC_WARN_UNINITIALIZED_AUTOS = YES_AGGRESSIVE;
				GCC_WARN_UNUSED_FUNCTION = YES;
				GCC_WARN_UNUSED_VARIABLE = YES;
				IPHONEOS_DEPLOYMENT_TARGET = 11.2;
				MTL_ENABLE_DEBUG_INFO = YES;
				ONLY_ACTIVE_ARCH = YES;
				SDKROOT = iphoneos;
				SWIFT_ACTIVE_COMPILATION_CONDITIONS = DEBUG;
				SWIFT_OPTIMIZATION_LEVEL = "-Onone";
			};
			name = Debug;
		};
		DC217DED224FB99800DB26BB /* Release */ = {
			isa = XCBuildConfiguration;
			buildSettings = {
				ALWAYS_SEARCH_USER_PATHS = NO;
				CLANG_ANALYZER_NONNULL = YES;
				CLANG_ANALYZER_NUMBER_OBJECT_CONVERSION = YES_AGGRESSIVE;
				CLANG_CXX_LANGUAGE_STANDARD = "gnu++14";
				CLANG_CXX_LIBRARY = "libc++";
				CLANG_ENABLE_MODULES = YES;
				CLANG_ENABLE_OBJC_ARC = YES;
				CLANG_WARN_BLOCK_CAPTURE_AUTORELEASING = YES;
				CLANG_WARN_BOOL_CONVERSION = YES;
				CLANG_WARN_COMMA = YES;
				CLANG_WARN_CONSTANT_CONVERSION = YES;
				CLANG_WARN_DIRECT_OBJC_ISA_USAGE = YES_ERROR;
				CLANG_WARN_DOCUMENTATION_COMMENTS = YES;
				CLANG_WARN_EMPTY_BODY = YES;
				CLANG_WARN_ENUM_CONVERSION = YES;
				CLANG_WARN_INFINITE_RECURSION = YES;
				CLANG_WARN_INT_CONVERSION = YES;
				CLANG_WARN_NON_LITERAL_NULL_CONVERSION = YES;
				CLANG_WARN_OBJC_LITERAL_CONVERSION = YES;
				CLANG_WARN_OBJC_ROOT_CLASS = YES_ERROR;
				CLANG_WARN_RANGE_LOOP_ANALYSIS = YES;
				CLANG_WARN_STRICT_PROTOTYPES = YES;
				CLANG_WARN_SUSPICIOUS_MOVE = YES;
				CLANG_WARN_UNGUARDED_AVAILABILITY = YES_AGGRESSIVE;
				CLANG_WARN_UNREACHABLE_CODE = YES;
				CLANG_WARN__DUPLICATE_METHOD_MATCH = YES;
				CODE_SIGN_IDENTITY = "iPhone Developer";
				COPY_PHASE_STRIP = NO;
				DEBUG_INFORMATION_FORMAT = "dwarf-with-dsym";
				ENABLE_NS_ASSERTIONS = NO;
				ENABLE_STRICT_OBJC_MSGSEND = YES;
				GCC_C_LANGUAGE_STANDARD = gnu11;
				GCC_NO_COMMON_BLOCKS = YES;
				GCC_WARN_64_TO_32_BIT_CONVERSION = YES;
				GCC_WARN_ABOUT_RETURN_TYPE = YES_ERROR;
				GCC_WARN_UNDECLARED_SELECTOR = YES;
				GCC_WARN_UNINITIALIZED_AUTOS = YES_AGGRESSIVE;
				GCC_WARN_UNUSED_FUNCTION = YES;
				GCC_WARN_UNUSED_VARIABLE = YES;
				IPHONEOS_DEPLOYMENT_TARGET = 11.2;
				MTL_ENABLE_DEBUG_INFO = NO;
				SDKROOT = iphoneos;
				SWIFT_OPTIMIZATION_LEVEL = "-Owholemodule";
				VALIDATE_PRODUCT = YES;
			};
			name = Release;
		};
		DC217DEF224FB99800DB26BB /* Debug */ = {
			isa = XCBuildConfiguration;
			baseConfigurationReference = A0B4641FC77021B6BC5EF555 /* Pods-Movies.debug.xcconfig */;
			buildSettings = {
				ASSETCATALOG_COMPILER_APPICON_NAME = AppIcon;
				CODE_SIGN_STYLE = Automatic;
				INFOPLIST_FILE = Movies/Info.plist;
				LD_RUNPATH_SEARCH_PATHS = "$(inherited) @executable_path/Frameworks";
				PRODUCT_BUNDLE_IDENTIFIER = iti.Movies;
				PRODUCT_NAME = "$(TARGET_NAME)";
				SWIFT_VERSION = 4.0;
				TARGETED_DEVICE_FAMILY = "1,2";
			};
			name = Debug;
		};
		DC217DF0224FB99800DB26BB /* Release */ = {
			isa = XCBuildConfiguration;
			baseConfigurationReference = 78F185F0D41715CF251561DB /* Pods-Movies.release.xcconfig */;
			buildSettings = {
				ASSETCATALOG_COMPILER_APPICON_NAME = AppIcon;
				CODE_SIGN_STYLE = Automatic;
				INFOPLIST_FILE = Movies/Info.plist;
				LD_RUNPATH_SEARCH_PATHS = "$(inherited) @executable_path/Frameworks";
				PRODUCT_BUNDLE_IDENTIFIER = iti.Movies;
				PRODUCT_NAME = "$(TARGET_NAME)";
				SWIFT_VERSION = 4.0;
				TARGETED_DEVICE_FAMILY = "1,2";
			};
			name = Release;
		};
		DC217DF2224FB99800DB26BB /* Debug */ = {
			isa = XCBuildConfiguration;
			baseConfigurationReference = 66B79C91AB72FFF723371C19 /* Pods-MoviesTests.debug.xcconfig */;
			buildSettings = {
				ALWAYS_EMBED_SWIFT_STANDARD_LIBRARIES = YES;
				BUNDLE_LOADER = "$(TEST_HOST)";
				CODE_SIGN_STYLE = Automatic;
				INFOPLIST_FILE = MoviesTests/Info.plist;
				LD_RUNPATH_SEARCH_PATHS = "$(inherited) @executable_path/Frameworks @loader_path/Frameworks";
				PRODUCT_BUNDLE_IDENTIFIER = iti.MoviesTests;
				PRODUCT_NAME = "$(TARGET_NAME)";
				SWIFT_VERSION = 4.0;
				TARGETED_DEVICE_FAMILY = "1,2";
				TEST_HOST = "$(BUILT_PRODUCTS_DIR)/Movies.app/Movies";
			};
			name = Debug;
		};
		DC217DF3224FB99800DB26BB /* Release */ = {
			isa = XCBuildConfiguration;
			baseConfigurationReference = 64EF893195F90D3995DC957A /* Pods-MoviesTests.release.xcconfig */;
			buildSettings = {
				ALWAYS_EMBED_SWIFT_STANDARD_LIBRARIES = YES;
				BUNDLE_LOADER = "$(TEST_HOST)";
				CODE_SIGN_STYLE = Automatic;
				INFOPLIST_FILE = MoviesTests/Info.plist;
				LD_RUNPATH_SEARCH_PATHS = "$(inherited) @executable_path/Frameworks @loader_path/Frameworks";
				PRODUCT_BUNDLE_IDENTIFIER = iti.MoviesTests;
				PRODUCT_NAME = "$(TARGET_NAME)";
				SWIFT_VERSION = 4.0;
				TARGETED_DEVICE_FAMILY = "1,2";
				TEST_HOST = "$(BUILT_PRODUCTS_DIR)/Movies.app/Movies";
			};
			name = Release;
		};
		DC217DF5224FB99800DB26BB /* Debug */ = {
			isa = XCBuildConfiguration;
			baseConfigurationReference = 5DEEC78EB14E1194875F598B /* Pods-MoviesUITests.debug.xcconfig */;
			buildSettings = {
				ALWAYS_EMBED_SWIFT_STANDARD_LIBRARIES = YES;
				CODE_SIGN_STYLE = Automatic;
				INFOPLIST_FILE = MoviesUITests/Info.plist;
				LD_RUNPATH_SEARCH_PATHS = "$(inherited) @executable_path/Frameworks @loader_path/Frameworks";
				PRODUCT_BUNDLE_IDENTIFIER = iti.MoviesUITests;
				PRODUCT_NAME = "$(TARGET_NAME)";
				SWIFT_VERSION = 4.0;
				TARGETED_DEVICE_FAMILY = "1,2";
				TEST_TARGET_NAME = Movies;
			};
			name = Debug;
		};
		DC217DF6224FB99800DB26BB /* Release */ = {
			isa = XCBuildConfiguration;
			baseConfigurationReference = 688C7D5481D293EF42CEEACB /* Pods-MoviesUITests.release.xcconfig */;
			buildSettings = {
				ALWAYS_EMBED_SWIFT_STANDARD_LIBRARIES = YES;
				CODE_SIGN_STYLE = Automatic;
				INFOPLIST_FILE = MoviesUITests/Info.plist;
				LD_RUNPATH_SEARCH_PATHS = "$(inherited) @executable_path/Frameworks @loader_path/Frameworks";
				PRODUCT_BUNDLE_IDENTIFIER = iti.MoviesUITests;
				PRODUCT_NAME = "$(TARGET_NAME)";
				SWIFT_VERSION = 4.0;
				TARGETED_DEVICE_FAMILY = "1,2";
				TEST_TARGET_NAME = Movies;
			};
			name = Release;
		};
/* End XCBuildConfiguration section */

/* Begin XCConfigurationList section */
		DC217DBE224FB99700DB26BB /* Build configuration list for PBXProject "Movies" */ = {
			isa = XCConfigurationList;
			buildConfigurations = (
				DC217DEC224FB99800DB26BB /* Debug */,
				DC217DED224FB99800DB26BB /* Release */,
			);
			defaultConfigurationIsVisible = 0;
			defaultConfigurationName = Release;
		};
		DC217DEE224FB99800DB26BB /* Build configuration list for PBXNativeTarget "Movies" */ = {
			isa = XCConfigurationList;
			buildConfigurations = (
				DC217DEF224FB99800DB26BB /* Debug */,
				DC217DF0224FB99800DB26BB /* Release */,
			);
			defaultConfigurationIsVisible = 0;
			defaultConfigurationName = Release;
		};
		DC217DF1224FB99800DB26BB /* Build configuration list for PBXNativeTarget "MoviesTests" */ = {
			isa = XCConfigurationList;
			buildConfigurations = (
				DC217DF2224FB99800DB26BB /* Debug */,
				DC217DF3224FB99800DB26BB /* Release */,
			);
			defaultConfigurationIsVisible = 0;
			defaultConfigurationName = Release;
		};
		DC217DF4224FB99800DB26BB /* Build configuration list for PBXNativeTarget "MoviesUITests" */ = {
			isa = XCConfigurationList;
			buildConfigurations = (
				DC217DF5224FB99800DB26BB /* Debug */,
				DC217DF6224FB99800DB26BB /* Release */,
			);
			defaultConfigurationIsVisible = 0;
			defaultConfigurationName = Release;
		};
/* End XCConfigurationList section */

/* Begin XCVersionGroup section */
		DC217DCD224FB99700DB26BB /* Movies.xcdatamodeld */ = {
			isa = XCVersionGroup;
			children = (
				DC217DCE224FB99700DB26BB /* Movies.xcdatamodel */,
			);
			currentVersion = DC217DCE224FB99700DB26BB /* Movies.xcdatamodel */;
			path = Movies.xcdatamodeld;
			sourceTree = "<group>";
			versionGroupType = wrapper.xcdatamodel;
		};
/* End XCVersionGroup section */
	};
	rootObject = DC217DBB224FB99700DB26BB /* Project object */;
}
